PATH
  remote: .
  specs:
    haml_to_erb (0.0.1)
      haml (>= 6.0)
      prism (>= 0.24)

GEM
  remote: https://rubygems.org/
  specs:
    diff-lcs (1.6.2)
    haml (6.4.0)
      temple (>= 0.8.2)
      thor
      tilt
    herb (0.8.9)
    herb (0.8.9-aarch64-linux-gnu)
    herb (0.8.9-aarch64-linux-musl)
    herb (0.8.9-arm-linux-gnu)
    herb (0.8.9-arm-linux-musl)
    herb (0.8.9-arm64-darwin)
    herb (0.8.9-x86-linux-gnu)
    herb (0.8.9-x86-linux-musl)
    herb (0.8.9-x86_64-darwin)
    herb (0.8.9-x86_64-linux-gnu)
    herb (0.8.9-x86_64-linux-musl)
    prism (1.9.0)
    rspec (3.13.2)
      rspec-core (~> 3.13.0)
      rspec-expectations (~> 3.13.0)
      rspec-mocks (~> 3.13.0)
    rspec-core (3.13.6)
      rspec-support (~> 3.13.0)
    rspec-expectations (3.13.5)
      diff-lcs (>= 1.2.0, < 2.0)
      rspec-support (~> 3.13.0)
    rspec-mocks (3.13.7)
      diff-lcs (>= 1.2.0, < 2.0)
      rspec-support (~> 3.13.0)
    rspec-support (3.13.7)
    temple (0.10.4)
    thor (1.5.0)
    tilt (2.7.0)

PLATFORMS
  aarch64-linux-gnu
  aarch64-linux-musl
  arm-linux-gnu
  arm-linux-musl
  arm64-darwin
  ruby
  x86-linux-gnu
  x86-linux-musl
  x86_64-darwin
  x86_64-linux-gnu
  x86_64-linux-musl

DEPENDENCIES
  haml_to_erb!
  herb (>= 0.1, >= 0)
  rspec (~> 3.0)

BUNDLED WITH
   2.7.2
